
Microsoft Visual Studio Solution File, Format Version 12.00
# Visual Studio Version 16
VisualStudioVersion = 16.0.29102.190
MinimumVisualStudioVersion = 10.0.40219.1
Project("{FAE04EC0-301F-11D3-BF4B-00C04F79EFBC}") = "Grid_BT.Android", "Grid_BT\Grid_BT.Android\Grid_BT.Android.csproj", "{921E1AE4-F0DB-4469-BFAE-4DC479202A7F}"
EndProject
Project("{FAE04EC0-301F-11D3-BF4B-00C04F79EFBC}") = "Grid_BT.iOS", "Grid_BT\Grid_BT.iOS\Grid_BT.iOS.csproj", "{3C4A86E1-09F5-4A10-BB39-1D68A6D6090E}"
EndProject
Project("{FAE04EC0-301F-11D3-BF4B-00C04F79EFBC}") = "Grid_BT", "Grid_BT\Grid_BT\Grid_BT.csproj", "{52C766D9-EFE5-4676-8795-DF994762AFBF}"
EndProject
Global
	GlobalSection(SolutionConfigurationPlatforms) = preSolution
		Debug|Any CPU = Debug|Any CPU
		Debug|iPhone = Debug|iPhone
		Debug|iPhoneSimulator = Debug|iPhoneSimulator
		Release|Any CPU = Release|Any CPU
		Release|iPhone = Release|iPhone
		Release|iPhoneSimulator = Release|iPhoneSimulator
	EndGlobalSection
	GlobalSection(ProjectConfigurationPlatforms) = postSolution
		{921E1AE4-F0DB-4469-BFAE-4DC479202A7F}.Debug|Any CPU.ActiveCfg = Debug|Any CPU
		{921E1AE4-F0DB-4469-BFAE-4DC479202A7F}.Debug|Any CPU.Build.0 = Debug|Any CPU
		{921E1AE4-F0DB-4469-BFAE-4DC479202A7F}.Debug|Any CPU.Deploy.0 = Debug|Any CPU
		{921E1AE4-F0DB-4469-BFAE-4DC479202A7F}.Debug|iPhone.ActiveCfg = Debug|Any CPU
		{921E1AE4-F0DB-4469-BFAE-4DC479202A7F}.Debug|iPhone.Build.0 = Debug|Any CPU
		{921E1AE4-F0DB-4469-BFAE-4DC479202A7F}.Debug|iPhone.Deploy.0 = Debug|Any CPU
		{921E1AE4-F0DB-4469-BFAE-4DC479202A7F}.Debug|iPhoneSimulator.ActiveCfg = Debug|Any CPU
		{921E1AE4-F0DB-4469-BFAE-4DC479202A7F}.Debug|iPhoneSimulator.Build.0 = Debug|Any CPU
		{921E1AE4-F0DB-4469-BFAE-4DC479202A7F}.Debug|iPhoneSimulator.Deploy.0 = Debug|Any CPU
		{921E1AE4-F0DB-4469-BFAE-4DC479202A7F}.Release|Any CPU.ActiveCfg = Release|Any CPU
		{921E1AE4-F0DB-4469-BFAE-4DC479202A7F}.Release|Any CPU.Build.0 = Release|Any CPU
		{921E1AE4-F0DB-4469-BFAE-4DC479202A7F}.Release|Any CPU.Deploy.0 = Release|Any CPU
		{921E1AE4-F0DB-4469-BFAE-4DC479202A7F}.Release|iPhone.ActiveCfg = Release|Any CPU
		{921E1AE4-F0DB-4469-BFAE-4DC479202A7F}.Release|iPhone.Build.0 = Release|Any CPU
		{921E1AE4-F0DB-4469-BFAE-4DC479202A7F}.Release|iPhone.Deploy.0 = Release|Any CPU
		{921E1AE4-F0DB-4469-BFAE-4DC479202A7F}.Release|iPhoneSimulator.ActiveCfg = Release|Any CPU
		{921E1AE4-F0DB-4469-BFAE-4DC479202A7F}.Release|iPhoneSimulator.Build.0 = Release|Any CPU
		{921E1AE4-F0DB-4469-BFAE-4DC479202A7F}.Release|iPhoneSimulator.Deploy.0 = Release|Any CPU
		{3C4A86E1-09F5-4A10-BB39-1D68A6D6090E}.Debug|Any CPU.ActiveCfg = Debug|iPhoneSimulator
		{3C4A86E1-09F5-4A10-BB39-1D68A6D6090E}.Debug|Any CPU.Build.0 = Debug|iPhoneSimulator
		{3C4A86E1-09F5-4A10-BB39-1D68A6D6090E}.Debug|Any CPU.Deploy.0 = Debug|iPhoneSimulator
		{3C4A86E1-09F5-4A10-BB39-1D68A6D6090E}.Debug|iPhone.ActiveCfg = Debug|iPhone
		{3C4A86E1-09F5-4A10-BB39-1D68A6D6090E}.Debug|iPhone.Build.0 = Debug|iPhone
		{3C4A86E1-09F5-4A10-BB39-1D68A6D6090E}.Debug|iPhone.Deploy.0 = Debug|iPhone
		{3C4A86E1-09F5-4A10-BB39-1D68A6D6090E}.Debug|iPhoneSimulator.ActiveCfg = Debug|iPhoneSimulator
		{3C4A86E1-09F5-4A10-BB39-1D68A6D6090E}.Debug|iPhoneSimulator.Build.0 = Debug|iPhoneSimulator
		{3C4A86E1-09F5-4A10-BB39-1D68A6D6090E}.Debug|iPhoneSimulator.Deploy.0 = Debug|iPhoneSimulator
		{3C4A86E1-09F5-4A10-BB39-1D68A6D6090E}.Release|Any CPU.ActiveCfg = Release|iPhone
		{3C4A86E1-09F5-4A10-BB39-1D68A6D6090E}.Release|Any CPU.Build.0 = Release|iPhone
		{3C4A86E1-09F5-4A10-BB39-1D68A6D6090E}.Release|Any CPU.Deploy.0 = Release|iPhone
		{3C4A86E1-09F5-4A10-BB39-1D68A6D6090E}.Release|iPhone.ActiveCfg = Release|iPhone
		{3C4A86E1-09F5-4A10-BB39-1D68A6D6090E}.Release|iPhone.Build.0 = Release|iPhone
		{3C4A86E1-09F5-4A10-BB39-1D68A6D6090E}.Release|iPhone.Deploy.0 = Release|iPhone
		{3C4A86E1-09F5-4A10-BB39-1D68A6D6090E}.Release|iPhoneSimulator.ActiveCfg = Release|iPhoneSimulator
		{3C4A86E1-09F5-4A10-BB39-1D68A6D6090E}.Release|iPhoneSimulator.Build.0 = Release|iPhoneSimulator
		{3C4A86E1-09F5-4A10-BB39-1D68A6D6090E}.Release|iPhoneSimulator.Deploy.0 = Release|iPhoneSimulator
		{52C766D9-EFE5-4676-8795-DF994762AFBF}.Debug|Any CPU.ActiveCfg = Debug|Any CPU
		{52C766D9-EFE5-4676-8795-DF994762AFBF}.Debug|Any CPU.Build.0 = Debug|Any CPU
		{52C766D9-EFE5-4676-8795-DF994762AFBF}.Debug|Any CPU.Deploy.0 = Debug|Any CPU
		{52C766D9-EFE5-4676-8795-DF994762AFBF}.Debug|iPhone.ActiveCfg = Debug|Any CPU
		{52C766D9-EFE5-4676-8795-DF994762AFBF}.Debug|iPhone.Build.0 = Debug|Any CPU
		{52C766D9-EFE5-4676-8795-DF994762AFBF}.Debug|iPhone.Deploy.0 = Debug|Any CPU
		{52C766D9-EFE5-4676-8795-DF994762AFBF}.Debug|iPhoneSimulator.ActiveCfg = Debug|Any CPU
		{52C766D9-EFE5-4676-8795-DF994762AFBF}.Debug|iPhoneSimulator.Build.0 = Debug|Any CPU
		{52C766D9-EFE5-4676-8795-DF994762AFBF}.Debug|iPhoneSimulator.Deploy.0 = Debug|Any CPU
		{52C766D9-EFE5-4676-8795-DF994762AFBF}.Release|Any CPU.ActiveCfg = Release|Any CPU
		{52C766D9-EFE5-4676-8795-DF994762AFBF}.Release|Any CPU.Build.0 = Release|Any CPU
		{52C766D9-EFE5-4676-8795-DF994762AFBF}.Release|Any CPU.Deploy.0 = Release|Any CPU
		{52C766D9-EFE5-4676-8795-DF994762AFBF}.Release|iPhone.ActiveCfg = Release|Any CPU
		{52C766D9-EFE5-4676-8795-DF994762AFBF}.Release|iPhone.Build.0 = Release|Any CPU
		{52C766D9-EFE5-4676-8795-DF994762AFBF}.Release|iPhone.Deploy.0 = Release|Any CPU
		{52C766D9-EFE5-4676-8795-DF994762AFBF}.Release|iPhoneSimulator.ActiveCfg = Release|Any CPU
		{52C766D9-EFE5-4676-8795-DF994762AFBF}.Release|iPhoneSimulator.Build.0 = Release|Any CPU
		{52C766D9-EFE5-4676-8795-DF994762AFBF}.Release|iPhoneSimulator.Deploy.0 = Release|Any CPU
	EndGlobalSection
	GlobalSection(SolutionProperties) = preSolution
		HideSolutionNode = FALSE
	EndGlobalSection
	GlobalSection(ExtensibilityGlobals) = postSolution
		SolutionGuid = {A639CF73-3AAF-4404-8B5B-1316E776264B}
	EndGlobalSection
EndGlobal
